
Microsoft Visual Studio Solution File, Format Version 12.00
# Visual Studio Version 17
VisualStudioVersion = 17.2.32516.85
MinimumVisualStudioVersion = 10.0.40219.1
Project("{9A19103F-16F7-4668-BE54-9A1E7A4F7556}") = "server", "server\server.csproj", "{3EC03E50-0EC9-447E-BABA-27B337F63330}"
EndProject
Project("{9A19103F-16F7-4668-BE54-9A1E7A4F7556}") = "WebApiChat", "..\WebApiChat\WebApiChat\WebApiChat.csproj", "{101CEE9B-60AC-4A84-8937-3B5B95D204CC}"
EndProject
Global
	GlobalSection(SolutionConfigurationPlatforms) = preSolution
		Debug|Any CPU = Debug|Any CPU
		Release|Any CPU = Release|Any CPU
	EndGlobalSection
	GlobalSection(ProjectConfigurationPlatforms) = postSolution
		{3EC03E50-0EC9-447E-BABA-27B337F63330}.Debug|Any CPU.ActiveCfg = Debug|Any CPU
		{3EC03E50-0EC9-447E-BABA-27B337F63330}.Debug|Any CPU.Build.0 = Debug|Any CPU
		{3EC03E50-0EC9-447E-BABA-27B337F63330}.Release|Any CPU.ActiveCfg = Release|Any CPU
		{3EC03E50-0EC9-447E-BABA-27B337F63330}.Release|Any CPU.Build.0 = Release|Any CPU
		{101CEE9B-60AC-4A84-8937-3B5B95D204CC}.Debug|Any CPU.ActiveCfg = Debug|Any CPU
		{101CEE9B-60AC-4A84-8937-3B5B95D204CC}.Debug|Any CPU.Build.0 = Debug|Any CPU
		{101CEE9B-60AC-4A84-8937-3B5B95D204CC}.Release|Any CPU.ActiveCfg = Release|Any CPU
		{101CEE9B-60AC-4A84-8937-3B5B95D204CC}.Release|Any CPU.Build.0 = Release|Any CPU
	EndGlobalSection
	GlobalSection(SolutionProperties) = preSolution
		HideSolutionNode = FALSE
	EndGlobalSection
	GlobalSection(ExtensibilityGlobals) = postSolution
		SolutionGuid = {80FB3456-B3E5-4130-B6A6-F6AD6640C5CF}
	EndGlobalSection
EndGlobal
